
Microsoft Visual Studio Solution File, Format Version 12.00
# Visual Studio Version 17
VisualStudioVersion = 17.4.33213.308
MinimumVisualStudioVersion = 10.0.40219.1
Project("{FAE04EC0-301F-11D3-BF4B-00C04F79EFBC}") = "First", "First\First.csproj", "{99D9D0F5-F72C-4754-85BF-2A16420EBBF1}"
EndProject
Project("{FAE04EC0-301F-11D3-BF4B-00C04F79EFBC}") = "Second", "Second\Second.csproj", "{A86AF097-89E6-4A2A-A7C5-97666C7F6C19}"
EndProject
Project("{FAE04EC0-301F-11D3-BF4B-00C04F79EFBC}") = "Third", "Third\Third.csproj", "{F7D3FBE5-B5B1-47E4-BA2E-8AA9ACC0C30C}"
EndProject
Global
	GlobalSection(SolutionConfigurationPlatforms) = preSolution
		Debug|Any CPU = Debug|Any CPU
		Release|Any CPU = Release|Any CPU
	EndGlobalSection
	GlobalSection(ProjectConfigurationPlatforms) = postSolution
		{99D9D0F5-F72C-4754-85BF-2A16420EBBF1}.Debug|Any CPU.ActiveCfg = Debug|Any CPU
		{99D9D0F5-F72C-4754-85BF-2A16420EBBF1}.Debug|Any CPU.Build.0 = Debug|Any CPU
		{99D9D0F5-F72C-4754-85BF-2A16420EBBF1}.Release|Any CPU.ActiveCfg = Release|Any CPU
		{99D9D0F5-F72C-4754-85BF-2A16420EBBF1}.Release|Any CPU.Build.0 = Release|Any CPU
		{A86AF097-89E6-4A2A-A7C5-97666C7F6C19}.Debug|Any CPU.ActiveCfg = Debug|Any CPU
		{A86AF097-89E6-4A2A-A7C5-97666C7F6C19}.Debug|Any CPU.Build.0 = Debug|Any CPU
		{A86AF097-89E6-4A2A-A7C5-97666C7F6C19}.Release|Any CPU.ActiveCfg = Release|Any CPU
		{A86AF097-89E6-4A2A-A7C5-97666C7F6C19}.Release|Any CPU.Build.0 = Release|Any CPU
		{F7D3FBE5-B5B1-47E4-BA2E-8AA9ACC0C30C}.Debug|Any CPU.ActiveCfg = Debug|Any CPU
		{F7D3FBE5-B5B1-47E4-BA2E-8AA9ACC0C30C}.Debug|Any CPU.Build.0 = Debug|Any CPU
		{F7D3FBE5-B5B1-47E4-BA2E-8AA9ACC0C30C}.Release|Any CPU.ActiveCfg = Release|Any CPU
		{F7D3FBE5-B5B1-47E4-BA2E-8AA9ACC0C30C}.Release|Any CPU.Build.0 = Release|Any CPU
	EndGlobalSection
	GlobalSection(SolutionProperties) = preSolution
		HideSolutionNode = FALSE
	EndGlobalSection
	GlobalSection(ExtensibilityGlobals) = postSolution
		SolutionGuid = {A14BB5C7-D793-42DD-8CB6-7DBA77F40565}
	EndGlobalSection
EndGlobal
