
Microsoft Visual Studio Solution File, Format Version 12.00
# Visual Studio Version 17
VisualStudioVersion = 17.2.32519.379
MinimumVisualStudioVersion = 10.0.40219.1
Project("{FAE04EC0-301F-11D3-BF4B-00C04F79EFBC}") = "lab06", "lab06\lab06.csproj", "{F142A035-DF76-462A-9AAF-16B639F7821A}"
EndProject
Global
	GlobalSection(SolutionConfigurationPlatforms) = preSolution
		Debug|Any CPU = Debug|Any CPU
		Release|Any CPU = Release|Any CPU
	EndGlobalSection
	GlobalSection(ProjectConfigurationPlatforms) = postSolution
		{F142A035-DF76-462A-9AAF-16B639F7821A}.Debug|Any CPU.ActiveCfg = Debug|Any CPU
		{F142A035-DF76-462A-9AAF-16B639F7821A}.Debug|Any CPU.Build.0 = Debug|Any CPU
		{F142A035-DF76-462A-9AAF-16B639F7821A}.Release|Any CPU.ActiveCfg = Release|Any CPU
		{F142A035-DF76-462A-9AAF-16B639F7821A}.Release|Any CPU.Build.0 = Release|Any CPU
	EndGlobalSection
	GlobalSection(SolutionProperties) = preSolution
		HideSolutionNode = FALSE
	EndGlobalSection
	GlobalSection(ExtensibilityGlobals) = postSolution
		SolutionGuid = {28400499-C63C-429C-91A0-3D4CF4855A2D}
	EndGlobalSection
EndGlobal
