
Microsoft Visual Studio Solution File, Format Version 12.00
# Visual Studio Version 17
VisualStudioVersion = 17.4.33213.308
MinimumVisualStudioVersion = 10.0.40219.1
Project("{FAE04EC0-301F-11D3-BF4B-00C04F79EFBC}") = "First", "First\First.csproj", "{211A3175-5C26-45BC-AD43-5B0A1C7E2B94}"
EndProject
Project("{FAE04EC0-301F-11D3-BF4B-00C04F79EFBC}") = "Second", "Second\Second.csproj", "{8F44010E-3FAE-4312-B166-9E369CB64874}"
EndProject
Project("{FAE04EC0-301F-11D3-BF4B-00C04F79EFBC}") = "Third", "Third\Third.csproj", "{719A9D67-7ED3-4306-B048-1BAE1E3CECE5}"
EndProject
Project("{FAE04EC0-301F-11D3-BF4B-00C04F79EFBC}") = "Fourth", "Fourth\Fourth.csproj", "{785248E5-D348-4E61-BF28-D64BB544F388}"
EndProject
Global
	GlobalSection(SolutionConfigurationPlatforms) = preSolution
		Debug|Any CPU = Debug|Any CPU
		Release|Any CPU = Release|Any CPU
	EndGlobalSection
	GlobalSection(ProjectConfigurationPlatforms) = postSolution
		{211A3175-5C26-45BC-AD43-5B0A1C7E2B94}.Debug|Any CPU.ActiveCfg = Debug|Any CPU
		{211A3175-5C26-45BC-AD43-5B0A1C7E2B94}.Debug|Any CPU.Build.0 = Debug|Any CPU
		{211A3175-5C26-45BC-AD43-5B0A1C7E2B94}.Release|Any CPU.ActiveCfg = Release|Any CPU
		{211A3175-5C26-45BC-AD43-5B0A1C7E2B94}.Release|Any CPU.Build.0 = Release|Any CPU
		{8F44010E-3FAE-4312-B166-9E369CB64874}.Debug|Any CPU.ActiveCfg = Debug|Any CPU
		{8F44010E-3FAE-4312-B166-9E369CB64874}.Debug|Any CPU.Build.0 = Debug|Any CPU
		{8F44010E-3FAE-4312-B166-9E369CB64874}.Release|Any CPU.ActiveCfg = Release|Any CPU
		{8F44010E-3FAE-4312-B166-9E369CB64874}.Release|Any CPU.Build.0 = Release|Any CPU
		{719A9D67-7ED3-4306-B048-1BAE1E3CECE5}.Debug|Any CPU.ActiveCfg = Debug|Any CPU
		{719A9D67-7ED3-4306-B048-1BAE1E3CECE5}.Debug|Any CPU.Build.0 = Debug|Any CPU
		{719A9D67-7ED3-4306-B048-1BAE1E3CECE5}.Release|Any CPU.ActiveCfg = Release|Any CPU
		{719A9D67-7ED3-4306-B048-1BAE1E3CECE5}.Release|Any CPU.Build.0 = Release|Any CPU
		{785248E5-D348-4E61-BF28-D64BB544F388}.Debug|Any CPU.ActiveCfg = Debug|Any CPU
		{785248E5-D348-4E61-BF28-D64BB544F388}.Debug|Any CPU.Build.0 = Debug|Any CPU
		{785248E5-D348-4E61-BF28-D64BB544F388}.Release|Any CPU.ActiveCfg = Release|Any CPU
		{785248E5-D348-4E61-BF28-D64BB544F388}.Release|Any CPU.Build.0 = Release|Any CPU
	EndGlobalSection
	GlobalSection(SolutionProperties) = preSolution
		HideSolutionNode = FALSE
	EndGlobalSection
	GlobalSection(ExtensibilityGlobals) = postSolution
		SolutionGuid = {567630F8-839A-4646-AC0C-190A283CAF83}
	EndGlobalSection
EndGlobal
